{"SurveyEntry":{"SurveyID":"SV_72FkFA2gqXWRS18","SurveyName":"Policymakers - EP","SurveyDescription":null,"SurveyOwnerID":"UR_2o9s6lEiztwpCNn","SurveyBrandID":"uvafeb","DivisionID":null,"SurveyLanguage":"EN","SurveyActiveResponseSet":"RS_bg7NTADNLecaqN0","SurveyStatus":"Active","SurveyStartDate":"0000-00-00 00:00:00","SurveyExpirationDate":"0000-00-00 00:00:00","SurveyCreationDate":"2023-01-31 04:53:29","CreatorID":"UR_2o9s6lEiztwpCNn","LastModified":"2023-02-08 06:22:31","LastAccessed":"0000-00-00 00:00:00","LastActivated":"2023-01-31 05:28:15","Deleted":null},"SurveyElements":[{"SurveyID":"SV_72FkFA2gqXWRS18","Element":"BL","PrimaryAttribute":"Survey Blocks","SecondaryAttribute":null,"TertiaryAttribute":null,"Payload":[{"Type":"Default","Description":"Welcome","ID":"BL_db3kWXSdjKlT3JI","BlockElements":[{"Type":"Question","QuestionID":"QID14"}]},{"Type":"Trash","Description":"Trash \/ Unused Questions","ID":"BL_5Bbzpj03nFRLFn8","BlockElements":[{"Type":"Question","QuestionID":"QID5"},{"Type":"Question","QuestionID":"QID17"}]},{"Type":"Standard","SubType":"","Description":"GCS","ID":"BL_6VjcOfdbtbmgkQe","BlockElements":[{"Type":"Question","QuestionID":"QID16"},{"Type":"Question","QuestionID":"QID6"},{"Type":"Question","QuestionID":"QID8"},{"Type":"Question","QuestionID":"QID19"},{"Type":"Question","QuestionID":"QID18"},{"Type":"Question","QuestionID":"QID9"}]},{"Type":"Standard","SubType":"","Description":"Characteristics","ID":"BL_eM2m57KcP9tGgAu","BlockElements":[{"Type":"Question","QuestionID":"QID10"},{"Type":"Question","QuestionID":"QID11"},{"Type":"Question","QuestionID":"QID12"}]},{"Type":"Standard","SubType":"","Description":"End","ID":"BL_0Jw62ZWx2PDTjiS","BlockElements":[{"Type":"Question","QuestionID":"QID13"},{"Type":"Question","QuestionID":"QID20"}]}]},{"SurveyID":"SV_72FkFA2gqXWRS18","Element":"FL","PrimaryAttribute":"Survey Flow","SecondaryAttribute":null,"TertiaryAttribute":null,"Payload":{"Flow":[{"ID":"BL_db3kWXSdjKlT3JI","Type":"Block","FlowID":"FL_2"},{"ID":"BL_6VjcOfdbtbmgkQe","Type":"Standard","FlowID":"FL_3"},{"ID":"BL_eM2m57KcP9tGgAu","Type":"Standard","FlowID":"FL_4"},{"ID":"BL_0Jw62ZWx2PDTjiS","Type":"Standard","FlowID":"FL_5"}],"Properties":{"Count":5},"FlowID":"FL_1","Type":"Root"}},{"SurveyID":"SV_72FkFA2gqXWRS18","Element":"PL","PrimaryAttribute":"Preview Link","SecondaryAttribute":null,"TertiaryAttribute":null,"Payload":{"PreviewType":"Brand","PreviewID":"d3d9d73e-6e7c-4c90-84f9-716153ef4908"}},{"SurveyID":"SV_72FkFA2gqXWRS18","Element":"SO","PrimaryAttribute":"Survey Options","SecondaryAttribute":null,"TertiaryAttribute":null,"Payload":{"BackButton":"false","SaveAndContinue":"true","SurveyProtection":"PublicSurvey","BallotBoxStuffingPrevention":"false","NoIndex":"Yes","SecureResponseFiles":"true","SurveyExpiration":"None","SurveyTermination":"DefaultMessage","Header":"","Footer":"","ProgressBarDisplay":"None","PartialData":"+1 week","ValidationMessage":"","PreviousButton":" \u2190 ","NextButton":" \u2192 ","SurveyTitle":"Qualtrics Survey | Qualtrics Experience Management","SkinLibrary":"uvafeb","SkinType":"templated","Skin":{"brandingId":null,"templateId":"*modern","overrides":{"logo":{"url":"https:\/\/uvafeb.eu.qualtrics.com\/CP\/Graphic.php?IM=IM_ufMBv0icBDKOQeu","position":"center"},"contrast":1,"font":{"family":"verdana, geneva, sans-serif"},"answerText":{"size":"19px"}}},"NewScoring":1,"SurveyMetaDescription":"The most powerful, simple and trusted way to gather experience data. Start your journey to experience management and try a free account today.","SurveyName":"Policymakers - EP","CustomStyles":[]}},{"SurveyID":"SV_72FkFA2gqXWRS18","Element":"SCO","PrimaryAttribute":"Scoring","SecondaryAttribute":null,"TertiaryAttribute":null,"Payload":{"ScoringCategories":[],"ScoringCategoryGroups":[],"ScoringSummaryCategory":null,"ScoringSummaryAfterQuestions":0,"ScoringSummaryAfterSurvey":0,"DefaultScoringCategory":null,"AutoScoringCategory":null}},{"SurveyID":"SV_72FkFA2gqXWRS18","Element":"PROJ","PrimaryAttribute":"CORE","SecondaryAttribute":null,"TertiaryAttribute":"1.1.0","Payload":{"ProjectCategory":"CORE","SchemaVersion":"1.1.0"}},{"SurveyID":"SV_72FkFA2gqXWRS18","Element":"STAT","PrimaryAttribute":"Survey Statistics","SecondaryAttribute":null,"TertiaryAttribute":null,"Payload":{"MobileCompatible":true,"ID":"Survey Statistics"}},{"SurveyID":"SV_72FkFA2gqXWRS18","Element":"QC","PrimaryAttribute":"Survey Question Count","SecondaryAttribute":"20","TertiaryAttribute":null,"Payload":null},{"SurveyID":"SV_72FkFA2gqXWRS18","Element":"SQ","PrimaryAttribute":"QID9","SecondaryAttribute":"According to you, if your party campaigned with the Global climate scheme in its program, what wo...","TertiaryAttribute":null,"Payload":{"QuestionText":"According to you, if your party campaigned with the&nbsp;Global climate scheme in its program, what would be the effect on its vote shares at the next national general election?","DefaultChoices":false,"DataExportTag":"Q9","QuestionType":"MC","Selector":"SAVR","SubSelector":"TX","Configuration":{"QuestionDescriptionOption":"UseText"},"QuestionDescription":"According to you, if your party campaigned with the Global climate scheme in its program, what wo...","Choices":{"1":{"Display":"Very negative: they would lose a large share of votes."},"2":{"Display":"Somewhat negative: they would lose a non-negligible share of votes."},"3":{"Display":"Null: they would neither lose nor gain vote shares."},"4":{"Display":"Somewhat positive: they would win a non-negligible share of votes."},"5":{"Display":"Very positive: they would win a large share of votes."}},"ChoiceOrder":[1,2,3,4,5],"Validation":{"Settings":{"ForceResponse":"ON","ForceResponseType":"ON","Type":"None"}},"GradingData":[],"Language":[],"NextChoiceId":7,"NextAnswerId":1,"QuestionID":"QID9","DataVisibility":{"Private":false,"Hidden":false}}},{"SurveyID":"SV_72FkFA2gqXWRS18","Element":"SQ","PrimaryAttribute":"QID8","SecondaryAttribute":"According to you, what percentage of people answer \"Yes\" to the previous question in a representa...","TertiaryAttribute":null,"Payload":{"QuestionText":"According to you, what percentage of people answer \"Yes\" to the previous question in a representative sample of the French, German, Spanish, and British population?","DefaultChoices":false,"DataExportTag":"Q8","QuestionType":"Slider","Selector":"HSLIDER","Configuration":{"QuestionDescriptionOption":"UseText","CSSliderMin":0,"CSSliderMax":100,"GridLines":10,"SnapToGrid":false,"NumDecimals":"0","ShowValue":true,"CustomStart":false,"NotApplicable":false,"MobileFirst":true,"InputWidth":580,"InputHeight":29},"QuestionDescription":"According to you, what percentage of people answer \"Yes\" to the previous question in a representa...","Choices":{"1":{"Display":"% answering Yes to the GCS in France, Germany, Spain, and the UK"}},"ChoiceOrder":[1],"Validation":{"Settings":{"ForceResponse":"ON","ForceResponseType":"ON","Type":"None"}},"GradingData":[],"Language":[],"NextChoiceId":6,"NextAnswerId":1,"Labels":[],"QuestionID":"QID8","DataVisibility":{"Private":false,"Hidden":false}}},{"SurveyID":"SV_72FkFA2gqXWRS18","Element":"SQ","PrimaryAttribute":"QID18","SecondaryAttribute":"According to you, what percentage of people answer \"Yes\" to the previous question in a representa...","TertiaryAttribute":null,"Payload":{"QuestionText":"According to you, what percentage of people answer \"Yes\" to the previous question in a representative sample of the U.S. population?","DefaultChoices":false,"DataExportTag":"Q18","QuestionType":"Slider","Selector":"HSLIDER","Configuration":{"QuestionDescriptionOption":"UseText","CSSliderMin":0,"CSSliderMax":100,"GridLines":10,"SnapToGrid":false,"NumDecimals":"0","ShowValue":true,"CustomStart":false,"NotApplicable":false,"MobileFirst":true},"QuestionDescription":"According to you, what percentage of people answer \"Yes\" to the previous question in a representa...","Choices":{"1":{"Display":"% answering Yes to the GCS in the US"}},"ChoiceOrder":["1"],"Validation":{"Settings":{"ForceResponse":"ON","ForceResponseType":"ON","Type":"None"}},"GradingData":[],"Language":[],"NextChoiceId":4,"NextAnswerId":1,"Labels":[],"QuestionID":"QID18","DataVisibility":{"Private":false,"Hidden":false}}},{"SurveyID":"SV_72FkFA2gqXWRS18","Element":"SQ","PrimaryAttribute":"QID17","SecondaryAttribute":"Click to write the question text","TertiaryAttribute":null,"Payload":{"QuestionText":"Click to write the question text","DataExportTag":"Q17","QuestionType":"MC","Selector":"SAVR","SubSelector":"TX","Configuration":{"QuestionDescriptionOption":"UseText"},"QuestionDescription":"Click to write the question text","Choices":{"1":{"Display":"Click to write Choice 1"},"2":{"Display":"Click to write Choice 2"},"3":{"Display":"Click to write Choice 3"}},"ChoiceOrder":["1","2","3"],"Validation":{"Settings":{"ForceResponse":"OFF","Type":"None"}},"Language":[],"NextChoiceId":4,"NextAnswerId":1,"QuestionID":"QID17"}},{"SurveyID":"SV_72FkFA2gqXWRS18","Element":"QO","PrimaryAttribute":"QO_9Hyib9LAsmzCdtC","SecondaryAttribute":"Count","TertiaryAttribute":null,"Payload":{"Name":"Count","Occurrences":1000,"Logic":{"0":{"0":{"LogicType":"Question","QuestionID":"QID6","QuestionIsInLoop":"no","ChoiceLocator":"q:\/\/QID6\/SelectableChoice\/1","Operator":"Selected","QuestionIDFromLocator":"QID6","LeftOperand":"q:\/\/QID6\/SelectableChoice\/1","Type":"Expression","Description":"<span class=\"ConjDesc\">If<\/span> <span class=\"QuestionDesc\">Do you support the Global climate scheme?<\/span> <span class=\"LeftOpDesc\">Yes<\/span> <span class=\"OpDesc\">Is Selected<\/span> "},"1":{"LogicType":"Question","QuestionID":"QID6","QuestionIsInLoop":"no","ChoiceLocator":"q:\/\/QID6\/SelectableChoice\/2","Operator":"Selected","QuestionIDFromLocator":"QID6","LeftOperand":"q:\/\/QID6\/SelectableChoice\/2","Type":"Expression","Description":"<span class=\"ConjDesc\">Or<\/span> <span class=\"QuestionDesc\">Do you support the Global climate scheme?<\/span> <span class=\"LeftOpDesc\">No<\/span> <span class=\"OpDesc\">Is Selected<\/span> ","Conjuction":"Or"},"Type":"If"},"Type":"BooleanExpression"},"LogicType":"Simple","QuotaAction":"EndCurrentSurvey","OverQuotaAction":null,"ActionInfo":{"0":{"0":{"ActionType":"EndCurrentSurvey","Type":"Expression","LogicType":"QuotaAction"},"Type":"If"},"Type":"BooleanExpression"},"ID":"QO_9Hyib9LAsmzCdtC","QuotaRealm":"Survey","QuotaSchedule":null,"EndSurveyOptions":{"EndingType":"Default","ResponseFlag":"QuotaMet","SurveyTermination":"DefaultMessage"}}},{"SurveyID":"SV_72FkFA2gqXWRS18","Element":"QG","PrimaryAttribute":"QG_bUkqwqiLdF64MLT","SecondaryAttribute":"Default Quota Group","TertiaryAttribute":null,"Payload":{"ID":"QG_bUkqwqiLdF64MLT","Name":"Default Quota Group","Selected":true,"MultipleMatch":"PlaceInAll","Public":false,"Quotas":["QO_9Hyib9LAsmzCdtC"]}},{"SurveyID":"SV_72FkFA2gqXWRS18","Element":"RS","PrimaryAttribute":"RS_bg7NTADNLecaqN0","SecondaryAttribute":"Default Response Set","TertiaryAttribute":null,"Payload":null},{"SurveyID":"SV_72FkFA2gqXWRS18","Element":"SQ","PrimaryAttribute":"QID6","SecondaryAttribute":"Do you support the Global climate scheme?","TertiaryAttribute":null,"Payload":{"QuestionText":"Do you support the Global climate scheme?","DefaultChoices":false,"DataExportTag":"Q6","QuestionType":"MC","Selector":"SAVR","SubSelector":"TX","Configuration":{"QuestionDescriptionOption":"UseText"},"QuestionDescription":"Do you support the Global climate scheme?","Choices":{"1":{"Display":"Yes"},"2":{"Display":"No"}},"ChoiceOrder":[1,2],"Validation":{"Settings":{"ForceResponse":"ON","ForceResponseType":"ON","Type":"None"}},"GradingData":[],"Language":[],"NextChoiceId":3,"NextAnswerId":1,"QuestionID":"QID6","DataVisibility":{"Private":false,"Hidden":false}}},{"SurveyID":"SV_72FkFA2gqXWRS18","Element":"SQ","PrimaryAttribute":"QID19","SecondaryAttribute":"How confident are you that your estimate is correct?","TertiaryAttribute":null,"Payload":{"QuestionText":"How confident are you that your estimate is correct?","DataExportTag":"Q19","QuestionType":"MC","Selector":"SAVR","SubSelector":"TX","Configuration":{"QuestionDescriptionOption":"UseText"},"QuestionDescription":"How confident are you that your estimate is correct?","Choices":{"1":{"Display":"Pretty confident: the actual support is very likely within 10 percentage points around my estimate."},"2":{"Display":"Rather confident: the actual support is very likely within 20 percentage points around my estimate."},"3":{"Display":"Not very confident: the actual support is very likely within 30 percentage points around my estimate."},"4":{"Display":"Not confident at all: the actual support could well be more than 30 percentage points away from my estimate."}},"ChoiceOrder":["1","2","3","4"],"Validation":{"Settings":{"ForceResponse":"ON","ForceResponseType":"ON","Type":"None"}},"Language":[],"NextChoiceId":5,"NextAnswerId":1,"QuestionID":"QID19","DataVisibility":{"Private":false,"Hidden":false}}},{"SurveyID":"SV_72FkFA2gqXWRS18","Element":"SQ","PrimaryAttribute":"QID20","SecondaryAttribute":"If you wish to support or oppose the Global Carbon Scheme publicly or want to be informed of the...","TertiaryAttribute":null,"Payload":{"QuestionText":"If you wish to support or oppose the Global Carbon Scheme publicly or want to be informed of the survey results, you can leave your email address below, or email global.climate.scheme@gmail.com, with the keywords \"support\", \"oppose\" and\/or \"results\".","DefaultChoices":false,"DataExportTag":"Q14","QuestionID":"QID20","QuestionType":"TE","Selector":"SL","Configuration":{"QuestionDescriptionOption":"UseText"},"QuestionDescription":"If you wish to support or oppose the Global Carbon Scheme publicly or want to be informed of the...","Validation":{"Settings":{"ForceResponse":"OFF","Type":"None"}},"GradingData":[],"Language":[],"NextChoiceId":4,"NextAnswerId":1,"SearchSource":{"AllowFreeResponse":"false"},"DataVisibility":{"Private":false,"Hidden":false}}},{"SurveyID":"SV_72FkFA2gqXWRS18","Element":"SQ","PrimaryAttribute":"QID16","SecondaryAttribute":"In an ongoing survey, we asked representative samples of the population of several countries thei...","TertiaryAttribute":null,"Payload":{"QuestionText":"<div>In an ongoing survey, we asked representative samples of the population of several countries their opinion about a&nbsp;<b>Global climate scheme.<\/b> We presented the policy as follows:<\/div><div><br><\/div><br><div>In 2015, all countries have agreed to contain global warming \"well below +2 \u00b0C\". To limit global warming to this level, <b>there is a maximum amount of greenhouse gases we can emit globally.<\/b><\/div><div><b><br><\/b><\/div><div>To meet the climate target, a limited number of permits to emit greenhouse gases can be created globally. Polluting firms would be required to buy permits to cover their greenhouse gas emissions. Such a policy would <b>make fossil fuel companies pay<\/b> for their emissions and progressively raise the price of fossil fuels. <b>Higher prices would encourage people and companies to use less fossil fuels, reducing greenhouse gas emissions.<\/b><\/div><div><b><br><\/b><\/div><div>In accordance with the principle that each human has an equal right to pollute, the revenues generated by the sale of permits could finance a global basic income. <b>Each adult would receive $30 per month<\/b>, thereby lifting out of extreme poverty the 700 million people who earn less than $2\/day.<\/div><div><br><\/div><div>The policy could be put in place as soon as countries totaling more than 60% of global emissions agree on it. Countries that would refuse to take part in the policy could face sanctions (like tariffs) from the rest of the World and would be excluded from the basic income.<\/div><div><br><\/div><br>We then told people <b>how much a typical person of their own country would lose out financially<\/b> per month from price increases net of the basic income: $85 for a person living in the US,&nbsp;\u00a320 in the UK, 25\u20ac in Germany,&nbsp;10\u20ac in France, and&nbsp;5\u20ac in Spain.<br><br>","DefaultChoices":false,"DataExportTag":"Q16","QuestionType":"DB","Selector":"TB","Configuration":{"QuestionDescriptionOption":"UseText"},"QuestionDescription":"In an ongoing survey, we asked representative samples of the population of several countries thei...","ChoiceOrder":[],"Validation":{"Settings":{"Type":"None"}},"GradingData":[],"Language":[],"NextChoiceId":9,"NextAnswerId":1,"QuestionID":"QID16","DataVisibility":{"Private":false,"Hidden":false}}},{"SurveyID":"SV_72FkFA2gqXWRS18","Element":"SQ","PrimaryAttribute":"QID13","SecondaryAttribute":"The survey is nearing completion. You can now enter any comments, thoughts or suggestions in the...","TertiaryAttribute":null,"Payload":{"QuestionText":"The survey is nearing completion. You can now enter any comments, thoughts or suggestions in the field below. In particular, please let us know your reasons for supporting or opposing the Global climate scheme.","DefaultChoices":false,"DataExportTag":"Q13","QuestionType":"TE","Selector":"ESTB","Configuration":{"QuestionDescriptionOption":"UseText","InputWidth":633,"InputHeight":115},"QuestionDescription":"The survey is nearing completion. You can now enter any comments, thoughts or suggestions in the...","Validation":{"Settings":{"ForceResponse":"OFF","ForceResponseType":"ON","Type":"None"}},"GradingData":[],"Language":[],"NextChoiceId":4,"NextAnswerId":1,"SearchSource":{"AllowFreeResponse":"false"},"QuestionID":"QID13","DataVisibility":{"Private":false,"Hidden":false}}},{"SurveyID":"SV_72FkFA2gqXWRS18","Element":"SQ","PrimaryAttribute":"QID14","SecondaryAttribute":"Welcome to this survey! This survey is anonymous and is conducted for research purposes. It takes...","TertiaryAttribute":null,"Payload":{"QuestionText":"Welcome to this survey!<br><br>This survey is anonymous and is conducted for research purposes.<br><br>It takes less than 5 min to complete.<br><br>Please read and answer every question carefully.","DefaultChoices":false,"DataExportTag":"Q14","QuestionType":"DB","Selector":"TB","Configuration":{"QuestionDescriptionOption":"UseText"},"QuestionDescription":"Welcome to this survey! This survey is anonymous and is conducted for research purposes. It takes...","ChoiceOrder":[],"Validation":{"Settings":{"Type":"None"}},"GradingData":[],"Language":[],"NextChoiceId":4,"NextAnswerId":1,"QuestionID":"QID14","DataVisibility":{"Private":false,"Hidden":false}}},{"SurveyID":"SV_72FkFA2gqXWRS18","Element":"SQ","PrimaryAttribute":"QID10","SecondaryAttribute":"What is your position at the European Parliament?","TertiaryAttribute":null,"Payload":{"QuestionText":"What is your position at the European Parliament?","DefaultChoices":false,"DataExportTag":"Q10","QuestionType":"MC","Selector":"SAVR","SubSelector":"TX","Configuration":{"QuestionDescriptionOption":"UseText"},"QuestionDescription":"What is your position at the European Parliament?","Choices":{"1":{"Display":"Member of the European Parliament (MEP)"},"2":{"Display":"Support staff"},"4":{"Display":"Other"}},"ChoiceOrder":["1","2","4"],"Validation":{"Settings":{"ForceResponse":"ON","ForceResponseType":"ON","Type":"None"}},"GradingData":[],"Language":[],"NextChoiceId":5,"NextAnswerId":1,"QuestionID":"QID10","DataVisibility":{"Private":false,"Hidden":false}}},{"SurveyID":"SV_72FkFA2gqXWRS18","Element":"SQ","PrimaryAttribute":"QID11","SecondaryAttribute":"Which country do you represent at the European Parliament?","TertiaryAttribute":null,"Payload":{"QuestionText":"Which country do you represent at the European Parliament?","DefaultChoices":false,"DataExportTag":"Q11","QuestionType":"MC","Selector":"DL","Configuration":{"QuestionDescriptionOption":"UseText"},"QuestionDescription":"Which country do you represent at the European Parliament?","Choices":{"1":{"Display":"Belgium"},"2":{"Display":"Bulgaria"},"3":{"Display":"Czech Republic"},"4":{"Display":"Denmark"},"5":{"Display":"Germany"},"6":{"Display":"Estonia"},"7":{"Display":"Ireland"},"8":{"Display":"Greece"},"9":{"Display":"Spain"},"10":{"Display":"France"},"11":{"Display":"Croatia"},"12":{"Display":"Italy"},"13":{"Display":"Cyprus"},"14":{"Display":"Latvia"},"15":{"Display":"Lithuania"},"16":{"Display":"Luxembourg"},"17":{"Display":"Hungary"},"18":{"Display":"Malta"},"19":{"Display":"Netherlands"},"20":{"Display":"Austria"},"21":{"Display":"Poland"},"22":{"Display":"Portugal"},"23":{"Display":"Romania"},"24":{"Display":"Slovenia"},"25":{"Display":"Slovakia"},"26":{"Display":"Finland"},"27":{"Display":"Sweden"},"28":{"Display":"Non applicable"}},"ChoiceOrder":["28","20","1","2","11","3","13","4","6","26","10","5","8","17","7","12","14","15","16","18","19","21","22","23","25","24","9","27"],"Validation":{"Settings":{"ForceResponse":"ON","ForceResponseType":"ON","Type":"None"}},"GradingData":[],"Language":[],"NextChoiceId":29,"NextAnswerId":1,"QuestionID":"QID11","DataVisibility":{"Private":false,"Hidden":false}}},{"SurveyID":"SV_72FkFA2gqXWRS18","Element":"SQ","PrimaryAttribute":"QID12","SecondaryAttribute":"Which political group do you represent at the European Parliament?","TertiaryAttribute":null,"Payload":{"QuestionText":"Which political group do you represent at the European Parliament?","DefaultChoices":false,"DataExportTag":"Q12","QuestionType":"MC","Selector":"SAVR","SubSelector":"TX","Configuration":{"QuestionDescriptionOption":"UseText"},"QuestionDescription":"Which political group do you represent at the European Parliament?","Choices":{"1":{"Display":"EPP"},"4":{"Display":"Other"},"5":{"Display":"S&D"},"6":{"Display":"Renew"},"7":{"Display":"Greens\/EFA"},"8":{"Display":"ID"},"9":{"Display":"ECR"},"10":{"Display":"The Left"}},"ChoiceOrder":["1","5","6","7","8","9","10","4"],"Validation":{"Settings":{"ForceResponse":"ON","ForceResponseType":"ON","Type":"None"}},"GradingData":[],"Language":[],"NextChoiceId":12,"NextAnswerId":1,"QuestionID":"QID12","DataVisibility":{"Private":false,"Hidden":false}}},{"SurveyID":"SV_72FkFA2gqXWRS18","Element":"SQ","PrimaryAttribute":"QID5","SecondaryAttribute":"Who would win or lose financially in the Global climate scheme?","TertiaryAttribute":null,"Payload":{"QuestionText":"Who would win or lose financially in the Global climate scheme?","DefaultChoices":false,"DataExportTag":"Q5","QuestionType":"MC","Selector":"SAVR","SubSelector":"TX","Configuration":{"QuestionDescriptionOption":"UseText"},"QuestionDescription":"Who would win or lose financially in the Global climate scheme?","Choices":{"1":{"Display":"Typical Europeans would win and the 700 million poorest humans would win."},"2":{"Display":"Typical Europeans would win and the 700 million poorest humans would lose."},"3":{"Display":"Typical Europeans would lose and the 700 million poorest humans would win."},"4":{"Display":"Typical Europeans would lose and the 700 million poorest humans would lose."}},"ChoiceOrder":[1,2,3,4],"Validation":{"Settings":{"ForceResponse":"OFF","Type":"None"}},"GradingData":[],"Language":[],"NextChoiceId":5,"NextAnswerId":1,"QuestionID":"QID5"}}]}